
Microsoft Visual Studio Solution File, Format Version 12.00
# Visual Studio Version 16
VisualStudioVersion = 16.0.31702.278
MinimumVisualStudioVersion = 10.0.40219.1
Project("{FAE04EC0-301F-11D3-BF4B-00C04F79EFBC}") = "WebApplication1", "WebApplication1\WebApplication1.csproj", "{D89234F0-A606-42C6-9D49-10F99F1B9EB0}"
EndProject
Global
	GlobalSection(SolutionConfigurationPlatforms) = preSolution
		Debug|Any CPU = Debug|Any CPU
		Release|Any CPU = Release|Any CPU
	EndGlobalSection
	GlobalSection(ProjectConfigurationPlatforms) = postSolution
		{D89234F0-A606-42C6-9D49-10F99F1B9EB0}.Debug|Any CPU.ActiveCfg = Debug|Any CPU
		{D89234F0-A606-42C6-9D49-10F99F1B9EB0}.Debug|Any CPU.Build.0 = Debug|Any CPU
		{D89234F0-A606-42C6-9D49-10F99F1B9EB0}.Release|Any CPU.ActiveCfg = Release|Any CPU
		{D89234F0-A606-42C6-9D49-10F99F1B9EB0}.Release|Any CPU.Build.0 = Release|Any CPU
	EndGlobalSection
	GlobalSection(SolutionProperties) = preSolution
		HideSolutionNode = FALSE
	EndGlobalSection
	GlobalSection(ExtensibilityGlobals) = postSolution
		SolutionGuid = {A39946C9-CFD0-468D-96F4-C32AE6EA20C8}
	EndGlobalSection
EndGlobal
